
Microsoft Visual Studio Solution File, Format Version 12.00
Project("{FAE04EC0-301F-11D3-BF4B-00C04F79EFBC}") = "Task-01", "Task-01\Task-01.csproj", "{90063EC3-5D33-4EEB-BE8D-335DEC6DC5E3}"
EndProject
Project("{FAE04EC0-301F-11D3-BF4B-00C04F79EFBC}") = "Task_02", "Task_02\Task_02.csproj", "{EABCAA7E-897F-4DAA-9193-219ED08FB97F}"
EndProject
Project("{FAE04EC0-301F-11D3-BF4B-00C04F79EFBC}") = "Task_03", "Task_03\Task_03.csproj", "{13952AF7-C7F8-43C6-9D5D-A49CC7618D31}"
EndProject
Project("{FAE04EC0-301F-11D3-BF4B-00C04F79EFBC}") = "Task_04", "Task_04\Task_04.csproj", "{16BF1EA0-C93D-4503-8E67-EF5D8DDDD87B}"
EndProject
Project("{FAE04EC0-301F-11D3-BF4B-00C04F79EFBC}") = "Task_05", "Task_05\Task_05.csproj", "{12228975-AF02-49D8-84AC-0461A4CE0A7D}"
EndProject
Project("{FAE04EC0-301F-11D3-BF4B-00C04F79EFBC}") = "Task_06", "Task_06\Task_06.csproj", "{5DCD65E0-51D3-49AD-8123-BE638CA726BE}"
EndProject
Project("{FAE04EC0-301F-11D3-BF4B-00C04F79EFBC}") = "Task_07", "Task_07\Task_07.csproj", "{D568CB98-D40C-42C7-922C-D8FBCA58CCDB}"
EndProject
Project("{FAE04EC0-301F-11D3-BF4B-00C04F79EFBC}") = "Task_08", "Task_08\Task_08.csproj", "{11E1DB0B-064C-4A2D-8A57-C737E70FB339}"
EndProject
Global
	GlobalSection(SolutionConfigurationPlatforms) = preSolution
		Debug|Any CPU = Debug|Any CPU
		Release|Any CPU = Release|Any CPU
	EndGlobalSection
	GlobalSection(ProjectConfigurationPlatforms) = postSolution
		{90063EC3-5D33-4EEB-BE8D-335DEC6DC5E3}.Debug|Any CPU.ActiveCfg = Debug|Any CPU
		{90063EC3-5D33-4EEB-BE8D-335DEC6DC5E3}.Debug|Any CPU.Build.0 = Debug|Any CPU
		{90063EC3-5D33-4EEB-BE8D-335DEC6DC5E3}.Release|Any CPU.ActiveCfg = Release|Any CPU
		{90063EC3-5D33-4EEB-BE8D-335DEC6DC5E3}.Release|Any CPU.Build.0 = Release|Any CPU
		{EABCAA7E-897F-4DAA-9193-219ED08FB97F}.Debug|Any CPU.ActiveCfg = Debug|Any CPU
		{EABCAA7E-897F-4DAA-9193-219ED08FB97F}.Debug|Any CPU.Build.0 = Debug|Any CPU
		{EABCAA7E-897F-4DAA-9193-219ED08FB97F}.Release|Any CPU.ActiveCfg = Release|Any CPU
		{EABCAA7E-897F-4DAA-9193-219ED08FB97F}.Release|Any CPU.Build.0 = Release|Any CPU
		{13952AF7-C7F8-43C6-9D5D-A49CC7618D31}.Debug|Any CPU.ActiveCfg = Debug|Any CPU
		{13952AF7-C7F8-43C6-9D5D-A49CC7618D31}.Debug|Any CPU.Build.0 = Debug|Any CPU
		{13952AF7-C7F8-43C6-9D5D-A49CC7618D31}.Release|Any CPU.ActiveCfg = Release|Any CPU
		{13952AF7-C7F8-43C6-9D5D-A49CC7618D31}.Release|Any CPU.Build.0 = Release|Any CPU
		{16BF1EA0-C93D-4503-8E67-EF5D8DDDD87B}.Debug|Any CPU.ActiveCfg = Debug|Any CPU
		{16BF1EA0-C93D-4503-8E67-EF5D8DDDD87B}.Debug|Any CPU.Build.0 = Debug|Any CPU
		{16BF1EA0-C93D-4503-8E67-EF5D8DDDD87B}.Release|Any CPU.ActiveCfg = Release|Any CPU
		{16BF1EA0-C93D-4503-8E67-EF5D8DDDD87B}.Release|Any CPU.Build.0 = Release|Any CPU
		{12228975-AF02-49D8-84AC-0461A4CE0A7D}.Debug|Any CPU.ActiveCfg = Debug|Any CPU
		{12228975-AF02-49D8-84AC-0461A4CE0A7D}.Debug|Any CPU.Build.0 = Debug|Any CPU
		{12228975-AF02-49D8-84AC-0461A4CE0A7D}.Release|Any CPU.ActiveCfg = Release|Any CPU
		{12228975-AF02-49D8-84AC-0461A4CE0A7D}.Release|Any CPU.Build.0 = Release|Any CPU
		{5DCD65E0-51D3-49AD-8123-BE638CA726BE}.Debug|Any CPU.ActiveCfg = Debug|Any CPU
		{5DCD65E0-51D3-49AD-8123-BE638CA726BE}.Debug|Any CPU.Build.0 = Debug|Any CPU
		{5DCD65E0-51D3-49AD-8123-BE638CA726BE}.Release|Any CPU.ActiveCfg = Release|Any CPU
		{5DCD65E0-51D3-49AD-8123-BE638CA726BE}.Release|Any CPU.Build.0 = Release|Any CPU
		{D568CB98-D40C-42C7-922C-D8FBCA58CCDB}.Debug|Any CPU.ActiveCfg = Debug|Any CPU
		{D568CB98-D40C-42C7-922C-D8FBCA58CCDB}.Debug|Any CPU.Build.0 = Debug|Any CPU
		{D568CB98-D40C-42C7-922C-D8FBCA58CCDB}.Release|Any CPU.ActiveCfg = Release|Any CPU
		{D568CB98-D40C-42C7-922C-D8FBCA58CCDB}.Release|Any CPU.Build.0 = Release|Any CPU
		{11E1DB0B-064C-4A2D-8A57-C737E70FB339}.Debug|Any CPU.ActiveCfg = Debug|Any CPU
		{11E1DB0B-064C-4A2D-8A57-C737E70FB339}.Debug|Any CPU.Build.0 = Debug|Any CPU
		{11E1DB0B-064C-4A2D-8A57-C737E70FB339}.Release|Any CPU.ActiveCfg = Release|Any CPU
		{11E1DB0B-064C-4A2D-8A57-C737E70FB339}.Release|Any CPU.Build.0 = Release|Any CPU
	EndGlobalSection
EndGlobal
